
Microsoft Visual Studio Solution File, Format Version 11.00
# Visual Studio 2010
Project("{FAE04EC0-301F-11D3-BF4B-00C04F79EFBC}") = "MyStudyLifeVIEW", "MyStudyLife\MyStudyLifeVIEW.csproj", "{AD31800E-8E13-493B-ACAE-A7CC422F962E}"
EndProject
Project("{FAE04EC0-301F-11D3-BF4B-00C04F79EFBC}") = "MyStudentLifeModel", "MyStudentLifeModel\MyStudentLifeModel.csproj", "{36409CBE-B946-4FDF-96EE-F4D67BC3FE92}"
EndProject
Project("{FAE04EC0-301F-11D3-BF4B-00C04F79EFBC}") = "MyStudentLifeController", "MyStudentLifeController\MyStudentLifeController.csproj", "{2CCEECBE-FDDD-4758-BA09-9AF5CD1AE693}"
EndProject
Global
	GlobalSection(SolutionConfigurationPlatforms) = preSolution
		Debug|Any CPU = Debug|Any CPU
		Debug|Mixed Platforms = Debug|Mixed Platforms
		Debug|x86 = Debug|x86
		Release|Any CPU = Release|Any CPU
		Release|Mixed Platforms = Release|Mixed Platforms
		Release|x86 = Release|x86
	EndGlobalSection
	GlobalSection(ProjectConfigurationPlatforms) = postSolution
		{AD31800E-8E13-493B-ACAE-A7CC422F962E}.Debug|Any CPU.ActiveCfg = Debug|x86
		{AD31800E-8E13-493B-ACAE-A7CC422F962E}.Debug|Mixed Platforms.ActiveCfg = Debug|x86
		{AD31800E-8E13-493B-ACAE-A7CC422F962E}.Debug|Mixed Platforms.Build.0 = Debug|x86
		{AD31800E-8E13-493B-ACAE-A7CC422F962E}.Debug|x86.ActiveCfg = Debug|x86
		{AD31800E-8E13-493B-ACAE-A7CC422F962E}.Debug|x86.Build.0 = Debug|x86
		{AD31800E-8E13-493B-ACAE-A7CC422F962E}.Release|Any CPU.ActiveCfg = Release|x86
		{AD31800E-8E13-493B-ACAE-A7CC422F962E}.Release|Mixed Platforms.ActiveCfg = Release|x86
		{AD31800E-8E13-493B-ACAE-A7CC422F962E}.Release|Mixed Platforms.Build.0 = Release|x86
		{AD31800E-8E13-493B-ACAE-A7CC422F962E}.Release|x86.ActiveCfg = Release|x86
		{AD31800E-8E13-493B-ACAE-A7CC422F962E}.Release|x86.Build.0 = Release|x86
		{36409CBE-B946-4FDF-96EE-F4D67BC3FE92}.Debug|Any CPU.ActiveCfg = Debug|Any CPU
		{36409CBE-B946-4FDF-96EE-F4D67BC3FE92}.Debug|Any CPU.Build.0 = Debug|Any CPU
		{36409CBE-B946-4FDF-96EE-F4D67BC3FE92}.Debug|Mixed Platforms.ActiveCfg = Debug|Any CPU
		{36409CBE-B946-4FDF-96EE-F4D67BC3FE92}.Debug|Mixed Platforms.Build.0 = Debug|Any CPU
		{36409CBE-B946-4FDF-96EE-F4D67BC3FE92}.Debug|x86.ActiveCfg = Debug|Any CPU
		{36409CBE-B946-4FDF-96EE-F4D67BC3FE92}.Release|Any CPU.ActiveCfg = Release|Any CPU
		{36409CBE-B946-4FDF-96EE-F4D67BC3FE92}.Release|Any CPU.Build.0 = Release|Any CPU
		{36409CBE-B946-4FDF-96EE-F4D67BC3FE92}.Release|Mixed Platforms.ActiveCfg = Release|Any CPU
		{36409CBE-B946-4FDF-96EE-F4D67BC3FE92}.Release|Mixed Platforms.Build.0 = Release|Any CPU
		{36409CBE-B946-4FDF-96EE-F4D67BC3FE92}.Release|x86.ActiveCfg = Release|Any CPU
		{2CCEECBE-FDDD-4758-BA09-9AF5CD1AE693}.Debug|Any CPU.ActiveCfg = Debug|Any CPU
		{2CCEECBE-FDDD-4758-BA09-9AF5CD1AE693}.Debug|Any CPU.Build.0 = Debug|Any CPU
		{2CCEECBE-FDDD-4758-BA09-9AF5CD1AE693}.Debug|Mixed Platforms.ActiveCfg = Debug|Any CPU
		{2CCEECBE-FDDD-4758-BA09-9AF5CD1AE693}.Debug|Mixed Platforms.Build.0 = Debug|Any CPU
		{2CCEECBE-FDDD-4758-BA09-9AF5CD1AE693}.Debug|x86.ActiveCfg = Debug|Any CPU
		{2CCEECBE-FDDD-4758-BA09-9AF5CD1AE693}.Release|Any CPU.ActiveCfg = Release|Any CPU
		{2CCEECBE-FDDD-4758-BA09-9AF5CD1AE693}.Release|Any CPU.Build.0 = Release|Any CPU
		{2CCEECBE-FDDD-4758-BA09-9AF5CD1AE693}.Release|Mixed Platforms.ActiveCfg = Release|Any CPU
		{2CCEECBE-FDDD-4758-BA09-9AF5CD1AE693}.Release|Mixed Platforms.Build.0 = Release|Any CPU
		{2CCEECBE-FDDD-4758-BA09-9AF5CD1AE693}.Release|x86.ActiveCfg = Release|Any CPU
	EndGlobalSection
	GlobalSection(SolutionProperties) = preSolution
		HideSolutionNode = FALSE
	EndGlobalSection
EndGlobal
